{
  "name": "todo-api",
  "version": "0.0.1",
  "lockfileVersion": 1,
  "requires": true,
  "dependencies": {
    "@nestjs/passport": {
      "version": "6.1.0",
      "resolved": "https://registry.npmjs.org/@nestjs/passport/-/passport-6.1.0.tgz",
      "integrity": "sha512-V4KdtFFLsdZQ/HlIECpiK6byzGz57Y12TAc+Iatykk8jWuVFE1jq8RJbpTfB0zG0PTfcGm9crQ6Ut2Rwdmis4Q=="
    },
    "@types/body-parser": {
      "version": "1.17.1",
      "resolved": "https://registry.npmjs.org/@types/body-parser/-/body-parser-1.17.1.tgz",
      "integrity": "sha512-RoX2EZjMiFMjZh9lmYrwgoP9RTpAjSHiJxdp4oidAQVO02T7HER3xj9UKue5534ULWeqVEkujhWcyvUce+d68w==",
      "dev": true,
      "requires": {
        "@types/connect": "*",
        "@types/node": "*"
      },
      "dependencies": {
        "@types/node": {
          "version": "12.7.7",
          "resolved": "https://registry.npmjs.org/@types/node/-/node-12.7.7.tgz",
          "integrity": "sha512-4jUncNe2tj1nmrO/34PsRpZqYVnRV1svbU78cKhuQKkMntKB/AmdLyGgswcZKjFHEHGpiY8pVD8CuVI55nP54w==",
          "dev": true
        }
      }
    },
    "@types/connect": {
      "version": "3.4.32",
      "resolved": "https://registry.npmjs.org/@types/connect/-/connect-3.4.32.tgz",
      "integrity": "sha512-4r8qa0quOvh7lGD0pre62CAb1oni1OO6ecJLGCezTmhQ8Fz50Arx9RUszryR8KlgK6avuSXvviL6yWyViQABOg==",
      "dev": true,
      "requires": {
        "@types/node": "*"
      },
      "dependencies": {
        "@types/node": {
          "version": "12.7.7",
          "resolved": "https://registry.npmjs.org/@types/node/-/node-12.7.7.tgz",
          "integrity": "sha512-4jUncNe2tj1nmrO/34PsRpZqYVnRV1svbU78cKhuQKkMntKB/AmdLyGgswcZKjFHEHGpiY8pVD8CuVI55nP54w==",
          "dev": true
        }
      }
    },
    "@types/express-serve-static-core": {
      "version": "4.16.9",
      "resolved": "https://registry.npmjs.org/@types/express-serve-static-core/-/express-serve-static-core-4.16.9.tgz",
      "integrity": "sha512-GqpaVWR0DM8FnRUJYKlWgyARoBUAVfRIeVDZQKOttLFp5SmhhF9YFIYeTPwMd/AXfxlP7xVO2dj1fGu0Q+krKQ==",
      "dev": true,
      "requires": {
        "@types/node": "*",
        "@types/range-parser": "*"
      },
      "dependencies": {
        "@types/node": {
          "version": "12.7.7",
          "resolved": "https://registry.npmjs.org/@types/node/-/node-12.7.7.tgz",
          "integrity": "sha512-4jUncNe2tj1nmrO/34PsRpZqYVnRV1svbU78cKhuQKkMntKB/AmdLyGgswcZKjFHEHGpiY8pVD8CuVI55nP54w==",
          "dev": true
        }
      }
    },
    "@types/mime": {
      "version": "2.0.1",
      "resolved": "https://registry.npmjs.org/@types/mime/-/mime-2.0.1.tgz",
      "integrity": "sha512-FwI9gX75FgVBJ7ywgnq/P7tw+/o1GUbtP0KzbtusLigAOgIgNISRK0ZPl4qertvXSIE8YbsVJueQ90cDt9YYyw==",
      "dev": true
    },
    "@types/passport": {
      "version": "1.0.1",
      "resolved": "https://registry.npmjs.org/@types/passport/-/passport-1.0.1.tgz",
      "integrity": "sha512-oK87JjN8i8kmqb0RN0sCUB/ZjrWf3b8U45eAzZVy1ssYYgBrMOuALmvoqp7MglsilXAjxum+LS29VQqeQx6ddA==",
      "dev": true,
      "requires": {
        "@types/express": "*"
      },
      "dependencies": {
        "@types/express": {
          "version": "4.17.1",
          "resolved": "https://registry.npmjs.org/@types/express/-/express-4.17.1.tgz",
          "integrity": "sha512-VfH/XCP0QbQk5B5puLqTLEeFgR8lfCJHZJKkInZ9mkYd+u8byX0kztXEQxEk4wZXJs8HI+7km2ALXjn4YKcX9w==",
          "dev": true,
          "requires": {
            "@types/body-parser": "*",
            "@types/express-serve-static-core": "*",
            "@types/serve-static": "*"
          }
        }
      }
    },
    "@types/passport-local": {
      "version": "1.0.33",
      "resolved": "https://registry.npmjs.org/@types/passport-local/-/passport-local-1.0.33.tgz",
      "integrity": "sha512-+rn6ZIxje0jZ2+DAiWFI8vGG7ZFKB0hXx2cUdMmudSWsigSq6ES7Emso46r4HJk0qCgrZVfI8sJiM7HIYf4SbA==",
      "dev": true,
      "requires": {
        "@types/express": "*",
        "@types/passport": "*",
        "@types/passport-strategy": "*"
      },
      "dependencies": {
        "@types/express": {
          "version": "4.17.1",
          "resolved": "https://registry.npmjs.org/@types/express/-/express-4.17.1.tgz",
          "integrity": "sha512-VfH/XCP0QbQk5B5puLqTLEeFgR8lfCJHZJKkInZ9mkYd+u8byX0kztXEQxEk4wZXJs8HI+7km2ALXjn4YKcX9w==",
          "dev": true,
          "requires": {
            "@types/body-parser": "*",
            "@types/express-serve-static-core": "*",
            "@types/serve-static": "*"
          }
        }
      }
    },
    "@types/passport-strategy": {
      "version": "0.2.35",
      "resolved": "https://registry.npmjs.org/@types/passport-strategy/-/passport-strategy-0.2.35.tgz",
      "integrity": "sha512-o5D19Jy2XPFoX2rKApykY15et3Apgax00RRLf0RUotPDUsYrQa7x4howLYr9El2mlUApHmCMv5CZ1IXqKFQ2+g==",
      "dev": true,
      "requires": {
        "@types/express": "*",
        "@types/passport": "*"
      },
      "dependencies": {
        "@types/express": {
          "version": "4.17.1",
          "resolved": "https://registry.npmjs.org/@types/express/-/express-4.17.1.tgz",
          "integrity": "sha512-VfH/XCP0QbQk5B5puLqTLEeFgR8lfCJHZJKkInZ9mkYd+u8byX0kztXEQxEk4wZXJs8HI+7km2ALXjn4YKcX9w==",
          "dev": true,
          "requires": {
            "@types/body-parser": "*",
            "@types/express-serve-static-core": "*",
            "@types/serve-static": "*"
          }
        }
      }
    },
    "@types/range-parser": {
      "version": "1.2.3",
      "resolved": "https://registry.npmjs.org/@types/range-parser/-/range-parser-1.2.3.tgz",
      "integrity": "sha512-ewFXqrQHlFsgc09MK5jP5iR7vumV/BYayNC6PgJO2LPe8vrnNFyjQjSppfEngITi0qvfKtzFvgKymGheFM9UOA==",
      "dev": true
    },
    "@types/serve-static": {
      "version": "1.13.3",
      "resolved": "https://registry.npmjs.org/@types/serve-static/-/serve-static-1.13.3.tgz",
      "integrity": "sha512-oprSwp094zOglVrXdlo/4bAHtKTAxX6VT8FOZlBKrmyLbNvE1zxZyJ6yikMVtHIvwP45+ZQGJn+FdXGKTozq0g==",
      "dev": true,
      "requires": {
        "@types/express-serve-static-core": "*",
        "@types/mime": "*"
      }
    },
    "passport": {
      "version": "0.4.0",
      "resolved": "https://registry.npmjs.org/passport/-/passport-0.4.0.tgz",
      "integrity": "sha1-xQlWkTR71a07XhgCOMORTRbwWBE=",
      "requires": {
        "passport-strategy": "1.x.x",
        "pause": "0.0.1"
      }
    },
    "passport-local": {
      "version": "1.0.0",
      "resolved": "https://registry.npmjs.org/passport-local/-/passport-local-1.0.0.tgz",
      "integrity": "sha1-H+YyaMkudWBmJkN+O5BmYsFbpu4=",
      "requires": {
        "passport-strategy": "1.x.x"
      }
    },
    "passport-strategy": {
      "version": "1.0.0",
      "resolved": "https://registry.npmjs.org/passport-strategy/-/passport-strategy-1.0.0.tgz",
      "integrity": "sha1-tVOaqPwiWj0a0XlHbd8ja0QPUuQ="
    },
    "pause": {
      "version": "0.0.1",
      "resolved": "https://registry.npmjs.org/pause/-/pause-0.0.1.tgz",
      "integrity": "sha1-HUCLP9t2kjuVQ9lvtMnf1TXZy10="
    }
  }
}
